[[package]]
category = "main"
description = "Compatibility modules, bridging PIL -> Pillow"
name = "pil-compat"
optional = false
python-versions = "*"
version = "1.0.0"

[package.dependencies]
pillow = "*"

[[package]]
category = "main"
description = "Python Imaging Library (Fork)"
name = "pillow"
optional = false
python-versions = ">=3.5"
version = "7.2.0"

[[package]]
category = "main"
description = "Python Game Development"
name = "pygame"
optional = false
python-versions = "*"
version = "1.9.6"

[metadata]
content-hash = "59108f7b12812facf3d9631a486fbbed461036c4ef4bdc6a40297af4f728963d"
python-versions = "^3.8"

[metadata.files]
pil-compat = [
    {file = "pil-compat-1.0.0.tar.gz", hash = "sha256:cb88f387ae4eb2d2898aa2b2051e004bb21bc22de2cd91cea92897386ec1f33b"},
    {file = "pil_compat-1.0.0-py2.py3-none-any.whl", hash = "sha256:bf6ca1a37bf8c7594b32c179a4c4e03160d62280db53a297407883801b283f1c"},
]
pillow = [
    {file = "Pillow-7.2.0-cp35-cp35m-macosx_10_10_intel.whl", hash = "sha256:1ca594126d3c4def54babee699c055a913efb01e106c309fa6b04405d474d5ae"},
    {file = "Pillow-7.2.0-cp35-cp35m-manylinux1_i686.whl", hash = "sha256:c92302a33138409e8f1ad16731568c55c9053eee71bb05b6b744067e1b62380f"},
    {file = "Pillow-7.2.0-cp35-cp35m-manylinux1_x86_64.whl", hash = "sha256:8dad18b69f710bf3a001d2bf3afab7c432785d94fcf819c16b5207b1cfd17d38"},
    {file = "Pillow-7.2.0-cp35-cp35m-manylinux2014_aarch64.whl", hash = "sha256:431b15cffbf949e89df2f7b48528be18b78bfa5177cb3036284a5508159492b5"},
    {file = "Pillow-7.2.0-cp35-cp35m-win32.whl", hash = "sha256:09d7f9e64289cb40c2c8d7ad674b2ed6105f55dc3b09aa8e4918e20a0311e7ad"},
    {file = "Pillow-7.2.0-cp35-cp35m-win_amd64.whl", hash = "sha256:0295442429645fa16d05bd567ef5cff178482439c9aad0411d3f0ce9b88b3a6f"},
    {file = "Pillow-7.2.0-cp36-cp36m-macosx_10_10_x86_64.whl", hash = "sha256:ec29604081f10f16a7aea809ad42e27764188fc258b02259a03a8ff7ded3808d"},
    {file = "Pillow-7.2.0-cp36-cp36m-manylinux1_i686.whl", hash = "sha256:612cfda94e9c8346f239bf1a4b082fdd5c8143cf82d685ba2dba76e7adeeb233"},
    {file = "Pillow-7.2.0-cp36-cp36m-manylinux1_x86_64.whl", hash = "sha256:0a80dd307a5d8440b0a08bd7b81617e04d870e40a3e46a32d9c246e54705e86f"},
    {file = "Pillow-7.2.0-cp36-cp36m-manylinux2014_aarch64.whl", hash = "sha256:06aba4169e78c439d528fdeb34762c3b61a70813527a2c57f0540541e9f433a8"},
    {file = "Pillow-7.2.0-cp36-cp36m-win32.whl", hash = "sha256:f7e30c27477dffc3e85c2463b3e649f751789e0f6c8456099eea7ddd53be4a8a"},
    {file = "Pillow-7.2.0-cp36-cp36m-win_amd64.whl", hash = "sha256:ffe538682dc19cc542ae7c3e504fdf54ca7f86fb8a135e59dd6bc8627eae6cce"},
    {file = "Pillow-7.2.0-cp37-cp37m-macosx_10_10_x86_64.whl", hash = "sha256:94cf49723928eb6070a892cb39d6c156f7b5a2db4e8971cb958f7b6b104fb4c4"},
    {file = "Pillow-7.2.0-cp37-cp37m-manylinux1_i686.whl", hash = "sha256:6edb5446f44d901e8683ffb25ebdfc26988ee813da3bf91e12252b57ac163727"},
    {file = "Pillow-7.2.0-cp37-cp37m-manylinux1_x86_64.whl", hash = "sha256:52125833b070791fcb5710fabc640fc1df07d087fc0c0f02d3661f76c23c5b8b"},
    {file = "Pillow-7.2.0-cp37-cp37m-manylinux2014_aarch64.whl", hash = "sha256:9ad7f865eebde135d526bb3163d0b23ffff365cf87e767c649550964ad72785d"},
    {file = "Pillow-7.2.0-cp37-cp37m-win32.whl", hash = "sha256:c79f9c5fb846285f943aafeafda3358992d64f0ef58566e23484132ecd8d7d63"},
    {file = "Pillow-7.2.0-cp37-cp37m-win_amd64.whl", hash = "sha256:d350f0f2c2421e65fbc62690f26b59b0bcda1b614beb318c81e38647e0f673a1"},
    {file = "Pillow-7.2.0-cp38-cp38-macosx_10_10_x86_64.whl", hash = "sha256:6d7741e65835716ceea0fd13a7d0192961212fd59e741a46bbed7a473c634ed6"},
    {file = "Pillow-7.2.0-cp38-cp38-manylinux1_i686.whl", hash = "sha256:edf31f1150778abd4322444c393ab9c7bd2af271dd4dafb4208fb613b1f3cdc9"},
    {file = "Pillow-7.2.0-cp38-cp38-manylinux1_x86_64.whl", hash = "sha256:d08b23fdb388c0715990cbc06866db554e1822c4bdcf6d4166cf30ac82df8c41"},
    {file = "Pillow-7.2.0-cp38-cp38-manylinux2014_aarch64.whl", hash = "sha256:5e51ee2b8114def244384eda1c82b10e307ad9778dac5c83fb0943775a653cd8"},
    {file = "Pillow-7.2.0-cp38-cp38-win32.whl", hash = "sha256:725aa6cfc66ce2857d585f06e9519a1cc0ef6d13f186ff3447ab6dff0a09bc7f"},
    {file = "Pillow-7.2.0-cp38-cp38-win_amd64.whl", hash = "sha256:a060cf8aa332052df2158e5a119303965be92c3da6f2d93b6878f0ebca80b2f6"},
    {file = "Pillow-7.2.0-pp36-pypy36_pp73-win32.whl", hash = "sha256:25930fadde8019f374400f7986e8404c8b781ce519da27792cbe46eabec00c4d"},
    {file = "Pillow-7.2.0.tar.gz", hash = "sha256:97f9e7953a77d5a70f49b9a48da7776dc51e9b738151b22dacf101641594a626"},
]
pygame = [
    {file = "pygame-1.9.6-cp27-cp27m-macosx_10_11_intel.whl", hash = "sha256:4aaff572a273a32e70ec3593d213e59ab11c183a9916616562247930f17a5447"},
    {file = "pygame-1.9.6-cp27-cp27m-win32.whl", hash = "sha256:73cd9df328c7e72638dbcc1d18e7155225faed880a53db6bad90d1d7c0a71dfd"},
    {file = "pygame-1.9.6-cp27-cp27m-win_amd64.whl", hash = "sha256:9ce22fb72298ea33dbb3a1c6c60a4a4e19d9698df6f3f5782eba4dada7b7736d"},
    {file = "pygame-1.9.6-cp27-cp27mu-manylinux1_i686.whl", hash = "sha256:5f052dc2975a399aa1830c1f04c5f72856aa416bf3cd4b31375a058015a5c620"},
    {file = "pygame-1.9.6-cp27-cp27mu-manylinux1_x86_64.whl", hash = "sha256:0480fe82cd41a43e3eea497fa2c059c72ac54cb5d003d5aa2ed06a04541c384e"},
    {file = "pygame-1.9.6-cp34-cp34m-manylinux1_i686.whl", hash = "sha256:a6e8d2f99dbe1dfe72d0c019693c14d93c410f702d0b04ec9a81b36dacd55a23"},
    {file = "pygame-1.9.6-cp34-cp34m-manylinux1_x86_64.whl", hash = "sha256:698433a9fcefca0527244dc44dff9503eb26157494730b1cc80e6e4dbb246e92"},
    {file = "pygame-1.9.6-cp34-cp34m-win32.whl", hash = "sha256:68ea43e51150316b9fb08e251209d4e2b4e76a340b5b6fc8cdf1a898c78f7e5b"},
    {file = "pygame-1.9.6-cp34-cp34m-win_amd64.whl", hash = "sha256:4e1065577f1b29111113be5deb2ea88553551a5e1cf33e0c08fa32768f285809"},
    {file = "pygame-1.9.6-cp35-cp35m-manylinux1_i686.whl", hash = "sha256:6f714986f7987f10cb94f1be0753318e341a7ea6b12d66f37a4d5d6dd4695023"},
    {file = "pygame-1.9.6-cp35-cp35m-manylinux1_x86_64.whl", hash = "sha256:ae1bc3e78ed28f20878e7ca2c98663a6634e9c00d7746d39413fc18e907dc162"},
    {file = "pygame-1.9.6-cp35-cp35m-win32.whl", hash = "sha256:854e87b8b2b76e3ed11d64985fcfdd7af919659503de99fc2b0a717b314c3cf0"},
    {file = "pygame-1.9.6-cp35-cp35m-win_amd64.whl", hash = "sha256:2622b9dd95f445c887a36a57eade42c672598589f69a8052ccdb8eeeffa4dbb1"},
    {file = "pygame-1.9.6-cp36-cp36m-macosx_10_11_intel.whl", hash = "sha256:398c42b605ecc514e62f68f1944a2d21e247938309f598de6cb0ad3c207324a8"},
    {file = "pygame-1.9.6-cp36-cp36m-manylinux1_i686.whl", hash = "sha256:fa788f775680fc5d268ab00a2da29c9a22830032cfab732730298a2952cd87f3"},
    {file = "pygame-1.9.6-cp36-cp36m-manylinux1_x86_64.whl", hash = "sha256:c895cf9c1b6d1cbba8cb8cc3f5427febcf8aa41a9333697741abeea1c537a350"},
    {file = "pygame-1.9.6-cp36-cp36m-win32.whl", hash = "sha256:a37b6c59e7b8feadc51db5197052b86ceb6443f9fb2a6f7d6527620e707c558c"},
    {file = "pygame-1.9.6-cp36-cp36m-win_amd64.whl", hash = "sha256:be7e70f91bd4eb35ae081062f16bf434619b3292358d9b061f8159ddc570c7f0"},
    {file = "pygame-1.9.6-cp37-cp37m-macosx_10_11_intel.whl", hash = "sha256:7876d1f29f66d3d7cac46479503891ee1ef409b0fbce54b0d74f3a6b33a46dba"},
    {file = "pygame-1.9.6-cp37-cp37m-manylinux1_i686.whl", hash = "sha256:f1f5714d2c23f6a64ef2ac4fcd36a2dd2689da85978d951a99a6ae5dfdf9bdbc"},
    {file = "pygame-1.9.6-cp37-cp37m-manylinux1_x86_64.whl", hash = "sha256:136a3b5711d9ec369a0407e4e08ffced3ba61aa41059e9280ffffa79c8614f65"},
    {file = "pygame-1.9.6-cp37-cp37m-win32.whl", hash = "sha256:a9ac862dd7159861f2c6443b0029089e1c0c4ec762a8074022914ec52fe4dfac"},
    {file = "pygame-1.9.6-cp37-cp37m-win_amd64.whl", hash = "sha256:8da13704ad45b7d5de8a8cca135a7f44c7fc6aa9f691abe7b0392468a34a8013"},
    {file = "pygame-1.9.6-cp38-cp38-win32.whl", hash = "sha256:396320aa29a925feed0b64639f77ce1418722ea7f536b4e4936083dd8d4c4535"},
    {file = "pygame-1.9.6-cp38-cp38-win_amd64.whl", hash = "sha256:e3e7e4a09dfd8b03663222d6bcadec9fef021404f4d9eecf56825342e039dfc1"},
    {file = "pygame-1.9.6.tar.gz", hash = "sha256:301c6428c0880ecd4a9e3951b80e539c33863b6ff356a443db1758de4f297957"},
]
